Microsoft Visual Studio Solution File, Format Version 12.00
# Visual Studio Version 17
VisualStudioVersion = 17.5.2.0
MinimumVisualStudioVersion = 10.0.40219.1
Project("{FAE04EC0-301F-11D3-BF4B-00C04F79EFBC}") = "AssessmentAnswer", "AssessmentAnswer.csproj", "{A201DF26-E7D9-40F6-5D42-AB6B2E9739A7}"
EndProject
Global
	GlobalSection(SolutionConfigurationPlatforms) = preSolution
		Debug|Any CPU = Debug|Any CPU
		Release|Any CPU = Release|Any CPU
	EndGlobalSection
	GlobalSection(ProjectConfigurationPlatforms) = postSolution
		{A201DF26-E7D9-40F6-5D42-AB6B2E9739A7}.Debug|Any CPU.ActiveCfg = Debug|Any CPU
		{A201DF26-E7D9-40F6-5D42-AB6B2E9739A7}.Debug|Any CPU.Build.0 = Debug|Any CPU
		{A201DF26-E7D9-40F6-5D42-AB6B2E9739A7}.Release|Any CPU.ActiveCfg = Release|Any CPU
		{A201DF26-E7D9-40F6-5D42-AB6B2E9739A7}.Release|Any CPU.Build.0 = Release|Any CPU
	EndGlobalSection
	GlobalSection(SolutionProperties) = preSolution
		HideSolutionNode = FALSE
	EndGlobalSection
	GlobalSection(ExtensibilityGlobals) = postSolution
		SolutionGuid = {BD3DF094-1282-42AC-8FDE-467EE91426CB}
	EndGlobalSection
EndGlobal
