
Microsoft Visual Studio Solution File, Format Version 12.00
# Visual Studio Version 17
VisualStudioVersion = 17.5.002.0
MinimumVisualStudioVersion = 10.0.40219.1
Project("{2150E333-8FDC-42A3-9474-1A3956D46DE8}") = "Entities", "Entities", "{B7C4192C-2895-42B9-82C6-45A8B24BF297}"
EndProject
Project("{9A19103F-16F7-4668-BE54-9A1E7A4F7556}") = "AssessmentEntity", "Entities\AssessmentEntity\AssessmentEntity.csproj", "{C0C6AA7A-CD74-4103-8641-DF7B5B29D527}"
EndProject
Project("{9A19103F-16F7-4668-BE54-9A1E7A4F7556}") = "AssessmentIntelligenceEntity", "Entities\AssessmentIntelligenceEntity\AssessmentIntelligenceEntity.csproj", "{CF1191E2-8407-4762-93C6-E2C94B1A4CE6}"
EndProject
Project("{9A19103F-16F7-4668-BE54-9A1E7A4F7556}") = "QuestionBankEntity", "Entities\QuestionBankEntity\QuestionBankEntity.csproj", "{0FC3CBD7-332B-465D-84E5-3A9611FBEE30}"
EndProject
Project("{9A19103F-16F7-4668-BE54-9A1E7A4F7556}") = "ResultEntity", "Entities\ResultEntity\ResultEntity.csproj", "{8743B618-C870-4900-BA31-221D4C02E9FD}"
EndProject
Project("{2150E333-8FDC-42A3-9474-1A3956D46DE8}") = "Interfaces", "Interfaces", "{99C9401A-8515-4F93-A21A-DA97AA4D348A}"
EndProject
Project("{9A19103F-16F7-4668-BE54-9A1E7A4F7556}") = "AssessmentIntelligenceInterfaces", "Interfaces\AssessmentIntelligenceInterfaces\AssessmentIntelligenceInterfaces.csproj", "{2B546CA9-E31B-4724-B8C6-7408BD5000E5}"
EndProject
Project("{9A19103F-16F7-4668-BE54-9A1E7A4F7556}") = "AssessmentInterfaces", "Interfaces\AssessmentInterfaces\AssessmentInterfaces.csproj", "{0193F217-110C-4EE5-8927-5879A920F3B1}"
EndProject
Project("{9A19103F-16F7-4668-BE54-9A1E7A4F7556}") = "QuestionBankInterfaces", "Interfaces\QuestionBankInterfaces\QuestionBankInterfaces.csproj", "{7D69A7F6-4334-4C0B-863A-0C9F3F579A9B}"
EndProject
Project("{9A19103F-16F7-4668-BE54-9A1E7A4F7556}") = "ResultInterface", "Interfaces\ResultInterfaces\ResultInterface.csproj", "{3E6B6D7E-DBAA-4818-8F5E-0C58A044C87D}"
EndProject
Project("{2150E333-8FDC-42A3-9474-1A3956D46DE8}") = "Repositories", "Repositories", "{B63BAF4B-E80E-435E-B636-A33F109D2F95}"
EndProject
Project("{9A19103F-16F7-4668-BE54-9A1E7A4F7556}") = "AssessmentRepo", "Repositories\AssessmentRepo\AssessmentRepo.csproj", "{CAD040CF-0257-4B66-8CEB-9003DF71E50E}"
EndProject
Project("{9A19103F-16F7-4668-BE54-9A1E7A4F7556}") = "QuestionBankRepo", "Repositories\QuestionBankRepo\QuestionBankRepo.csproj", "{658F7A6D-E632-49A0-AA3E-EE378829DBB3}"
EndProject
Project("{9A19103F-16F7-4668-BE54-9A1E7A4F7556}") = "ResultsRepo", "Repositories\ResultsRepo\ResultsRepo.csproj", "{FCC20D01-9E6C-458A-B52E-CE6316694AAE}"
EndProject
Project("{2150E333-8FDC-42A3-9474-1A3956D46DE8}") = "Services", "Services", "{1C7D107F-9238-4A12-BC9E-15089D53A86E}"
EndProject
Project("{9A19103F-16F7-4668-BE54-9A1E7A4F7556}") = "AssessmentIntelligenceServices", "Services\AssessmentIntelligenceServices\AssessmentIntelligenceServices.csproj", "{5CB0FFC4-5E1A-4BE4-BD69-6C5922C69414}"
EndProject
Project("{9A19103F-16F7-4668-BE54-9A1E7A4F7556}") = "AssessmentServices", "Services\AssessmentServices\AssessmentServices.csproj", "{1BC31AA7-46E7-4F3A-BAF2-7CBE7B622B51}"
EndProject
Project("{9A19103F-16F7-4668-BE54-9A1E7A4F7556}") = "QuestionBankServices", "Services\QuestionBankServices\QuestionBankServices.csproj", "{82ADDD96-F2B0-42CB-8C3E-7E8B339252FC}"
EndProject
Project("{9A19103F-16F7-4668-BE54-9A1E7A4F7556}") = "ResultServices", "Services\ResultServices\ResultServices.csproj", "{D9C10473-3EF0-4CA0-8DCF-2FD787DAD719}"
EndProject
Project("{2150E333-8FDC-42A3-9474-1A3956D46DE8}") = "WebAPI", "WebAPI", "{A354C199-2223-4F0D-BCB1-B14B154FB130}"
EndProject
Project("{9A19103F-16F7-4668-BE54-9A1E7A4F7556}") = "AssessmentAPI", "WebAPI\AssessmentAPI\AssessmentAPI.csproj", "{0B9A7130-AAAA-4211-8F7A-F2B26A669AE1}"
EndProject
Project("{9A19103F-16F7-4668-BE54-9A1E7A4F7556}") = "AssessmentIntelligenceAPI", "WebAPI\AssessmentIntelligenceAPI\AssessmentIntelligenceAPI.csproj", "{440E5BE5-3E80-4ED0-9F21-6B1763C8E32F}"
EndProject
Project("{9A19103F-16F7-4668-BE54-9A1E7A4F7556}") = "QuestionBankAPI", "WebAPI\QuestionBankAPI\QuestionBankAPI.csproj", "{8C60B6C2-DDFD-4D5B-A3D0-B4C82DD53CC0}"
EndProject
Project("{9A19103F-16F7-4668-BE54-9A1E7A4F7556}") = "ResultAPI", "WebAPI\ResultAPI\ResultAPI.csproj", "{E860A447-EFF2-431C-AE22-B4F7B81DC277}"
EndProject
Global
	GlobalSection(SolutionConfigurationPlatforms) = preSolution
		Debug|Any CPU = Debug|Any CPU
		Release|Any CPU = Release|Any CPU
	EndGlobalSection
	GlobalSection(ProjectConfigurationPlatforms) = postSolution
		{C0C6AA7A-CD74-4103-8641-DF7B5B29D527}.Debug|Any CPU.ActiveCfg = Debug|Any CPU
		{C0C6AA7A-CD74-4103-8641-DF7B5B29D527}.Debug|Any CPU.Build.0 = Debug|Any CPU
		{C0C6AA7A-CD74-4103-8641-DF7B5B29D527}.Release|Any CPU.ActiveCfg = Release|Any CPU
		{C0C6AA7A-CD74-4103-8641-DF7B5B29D527}.Release|Any CPU.Build.0 = Release|Any CPU
		{CF1191E2-8407-4762-93C6-E2C94B1A4CE6}.Debug|Any CPU.ActiveCfg = Debug|Any CPU
		{CF1191E2-8407-4762-93C6-E2C94B1A4CE6}.Debug|Any CPU.Build.0 = Debug|Any CPU
		{CF1191E2-8407-4762-93C6-E2C94B1A4CE6}.Release|Any CPU.ActiveCfg = Release|Any CPU
		{CF1191E2-8407-4762-93C6-E2C94B1A4CE6}.Release|Any CPU.Build.0 = Release|Any CPU
		{0FC3CBD7-332B-465D-84E5-3A9611FBEE30}.Debug|Any CPU.ActiveCfg = Debug|Any CPU
		{0FC3CBD7-332B-465D-84E5-3A9611FBEE30}.Debug|Any CPU.Build.0 = Debug|Any CPU
		{0FC3CBD7-332B-465D-84E5-3A9611FBEE30}.Release|Any CPU.ActiveCfg = Release|Any CPU
		{0FC3CBD7-332B-465D-84E5-3A9611FBEE30}.Release|Any CPU.Build.0 = Release|Any CPU
		{8743B618-C870-4900-BA31-221D4C02E9FD}.Debug|Any CPU.ActiveCfg = Debug|Any CPU
		{8743B618-C870-4900-BA31-221D4C02E9FD}.Debug|Any CPU.Build.0 = Debug|Any CPU
		{8743B618-C870-4900-BA31-221D4C02E9FD}.Release|Any CPU.ActiveCfg = Release|Any CPU
		{8743B618-C870-4900-BA31-221D4C02E9FD}.Release|Any CPU.Build.0 = Release|Any CPU
		{2B546CA9-E31B-4724-B8C6-7408BD5000E5}.Debug|Any CPU.ActiveCfg = Debug|Any CPU
		{2B546CA9-E31B-4724-B8C6-7408BD5000E5}.Debug|Any CPU.Build.0 = Debug|Any CPU
		{2B546CA9-E31B-4724-B8C6-7408BD5000E5}.Release|Any CPU.ActiveCfg = Release|Any CPU
		{2B546CA9-E31B-4724-B8C6-7408BD5000E5}.Release|Any CPU.Build.0 = Release|Any CPU
		{0193F217-110C-4EE5-8927-5879A920F3B1}.Debug|Any CPU.ActiveCfg = Debug|Any CPU
		{0193F217-110C-4EE5-8927-5879A920F3B1}.Debug|Any CPU.Build.0 = Debug|Any CPU
		{0193F217-110C-4EE5-8927-5879A920F3B1}.Release|Any CPU.ActiveCfg = Release|Any CPU
		{0193F217-110C-4EE5-8927-5879A920F3B1}.Release|Any CPU.Build.0 = Release|Any CPU
		{7D69A7F6-4334-4C0B-863A-0C9F3F579A9B}.Debug|Any CPU.ActiveCfg = Debug|Any CPU
		{7D69A7F6-4334-4C0B-863A-0C9F3F579A9B}.Debug|Any CPU.Build.0 = Debug|Any CPU
		{7D69A7F6-4334-4C0B-863A-0C9F3F579A9B}.Release|Any CPU.ActiveCfg = Release|Any CPU
		{7D69A7F6-4334-4C0B-863A-0C9F3F579A9B}.Release|Any CPU.Build.0 = Release|Any CPU
		{3E6B6D7E-DBAA-4818-8F5E-0C58A044C87D}.Debug|Any CPU.ActiveCfg = Debug|Any CPU
		{3E6B6D7E-DBAA-4818-8F5E-0C58A044C87D}.Debug|Any CPU.Build.0 = Debug|Any CPU
		{3E6B6D7E-DBAA-4818-8F5E-0C58A044C87D}.Release|Any CPU.ActiveCfg = Release|Any CPU
		{3E6B6D7E-DBAA-4818-8F5E-0C58A044C87D}.Release|Any CPU.Build.0 = Release|Any CPU
		{CAD040CF-0257-4B66-8CEB-9003DF71E50E}.Debug|Any CPU.ActiveCfg = Debug|Any CPU
		{CAD040CF-0257-4B66-8CEB-9003DF71E50E}.Debug|Any CPU.Build.0 = Debug|Any CPU
		{CAD040CF-0257-4B66-8CEB-9003DF71E50E}.Release|Any CPU.ActiveCfg = Release|Any CPU
		{CAD040CF-0257-4B66-8CEB-9003DF71E50E}.Release|Any CPU.Build.0 = Release|Any CPU
		{658F7A6D-E632-49A0-AA3E-EE378829DBB3}.Debug|Any CPU.ActiveCfg = Debug|Any CPU
		{658F7A6D-E632-49A0-AA3E-EE378829DBB3}.Debug|Any CPU.Build.0 = Debug|Any CPU
		{658F7A6D-E632-49A0-AA3E-EE378829DBB3}.Release|Any CPU.ActiveCfg = Release|Any CPU
		{658F7A6D-E632-49A0-AA3E-EE378829DBB3}.Release|Any CPU.Build.0 = Release|Any CPU
		{FCC20D01-9E6C-458A-B52E-CE6316694AAE}.Debug|Any CPU.ActiveCfg = Debug|Any CPU
		{FCC20D01-9E6C-458A-B52E-CE6316694AAE}.Debug|Any CPU.Build.0 = Debug|Any CPU
		{FCC20D01-9E6C-458A-B52E-CE6316694AAE}.Release|Any CPU.ActiveCfg = Release|Any CPU
		{FCC20D01-9E6C-458A-B52E-CE6316694AAE}.Release|Any CPU.Build.0 = Release|Any CPU
		{5CB0FFC4-5E1A-4BE4-BD69-6C5922C69414}.Debug|Any CPU.ActiveCfg = Debug|Any CPU
		{5CB0FFC4-5E1A-4BE4-BD69-6C5922C69414}.Debug|Any CPU.Build.0 = Debug|Any CPU
		{5CB0FFC4-5E1A-4BE4-BD69-6C5922C69414}.Release|Any CPU.ActiveCfg = Release|Any CPU
		{5CB0FFC4-5E1A-4BE4-BD69-6C5922C69414}.Release|Any CPU.Build.0 = Release|Any CPU
		{1BC31AA7-46E7-4F3A-BAF2-7CBE7B622B51}.Debug|Any CPU.ActiveCfg = Debug|Any CPU
		{1BC31AA7-46E7-4F3A-BAF2-7CBE7B622B51}.Debug|Any CPU.Build.0 = Debug|Any CPU
		{1BC31AA7-46E7-4F3A-BAF2-7CBE7B622B51}.Release|Any CPU.ActiveCfg = Release|Any CPU
		{1BC31AA7-46E7-4F3A-BAF2-7CBE7B622B51}.Release|Any CPU.Build.0 = Release|Any CPU
		{82ADDD96-F2B0-42CB-8C3E-7E8B339252FC}.Debug|Any CPU.ActiveCfg = Debug|Any CPU
		{82ADDD96-F2B0-42CB-8C3E-7E8B339252FC}.Debug|Any CPU.Build.0 = Debug|Any CPU
		{82ADDD96-F2B0-42CB-8C3E-7E8B339252FC}.Release|Any CPU.ActiveCfg = Release|Any CPU
		{82ADDD96-F2B0-42CB-8C3E-7E8B339252FC}.Release|Any CPU.Build.0 = Release|Any CPU
		{D9C10473-3EF0-4CA0-8DCF-2FD787DAD719}.Debug|Any CPU.ActiveCfg = Debug|Any CPU
		{D9C10473-3EF0-4CA0-8DCF-2FD787DAD719}.Debug|Any CPU.Build.0 = Debug|Any CPU
		{D9C10473-3EF0-4CA0-8DCF-2FD787DAD719}.Release|Any CPU.ActiveCfg = Release|Any CPU
		{D9C10473-3EF0-4CA0-8DCF-2FD787DAD719}.Release|Any CPU.Build.0 = Release|Any CPU
		{0B9A7130-AAAA-4211-8F7A-F2B26A669AE1}.Debug|Any CPU.ActiveCfg = Debug|Any CPU
		{0B9A7130-AAAA-4211-8F7A-F2B26A669AE1}.Debug|Any CPU.Build.0 = Debug|Any CPU
		{0B9A7130-AAAA-4211-8F7A-F2B26A669AE1}.Release|Any CPU.ActiveCfg = Release|Any CPU
		{0B9A7130-AAAA-4211-8F7A-F2B26A669AE1}.Release|Any CPU.Build.0 = Release|Any CPU
		{440E5BE5-3E80-4ED0-9F21-6B1763C8E32F}.Debug|Any CPU.ActiveCfg = Debug|Any CPU
		{440E5BE5-3E80-4ED0-9F21-6B1763C8E32F}.Debug|Any CPU.Build.0 = Debug|Any CPU
		{440E5BE5-3E80-4ED0-9F21-6B1763C8E32F}.Release|Any CPU.ActiveCfg = Release|Any CPU
		{440E5BE5-3E80-4ED0-9F21-6B1763C8E32F}.Release|Any CPU.Build.0 = Release|Any CPU
		{8C60B6C2-DDFD-4D5B-A3D0-B4C82DD53CC0}.Debug|Any CPU.ActiveCfg = Debug|Any CPU
		{8C60B6C2-DDFD-4D5B-A3D0-B4C82DD53CC0}.Debug|Any CPU.Build.0 = Debug|Any CPU
		{8C60B6C2-DDFD-4D5B-A3D0-B4C82DD53CC0}.Release|Any CPU.ActiveCfg = Release|Any CPU
		{8C60B6C2-DDFD-4D5B-A3D0-B4C82DD53CC0}.Release|Any CPU.Build.0 = Release|Any CPU
		{E860A447-EFF2-431C-AE22-B4F7B81DC277}.Debug|Any CPU.ActiveCfg = Debug|Any CPU
		{E860A447-EFF2-431C-AE22-B4F7B81DC277}.Debug|Any CPU.Build.0 = Debug|Any CPU
		{E860A447-EFF2-431C-AE22-B4F7B81DC277}.Release|Any CPU.ActiveCfg = Release|Any CPU
		{E860A447-EFF2-431C-AE22-B4F7B81DC277}.Release|Any CPU.Build.0 = Release|Any CPU
	EndGlobalSection
	GlobalSection(SolutionProperties) = preSolution
		HideSolutionNode = FALSE
	EndGlobalSection
	GlobalSection(NestedProjects) = preSolution
		{C0C6AA7A-CD74-4103-8641-DF7B5B29D527} = {B7C4192C-2895-42B9-82C6-45A8B24BF297}
		{CF1191E2-8407-4762-93C6-E2C94B1A4CE6} = {B7C4192C-2895-42B9-82C6-45A8B24BF297}
		{0FC3CBD7-332B-465D-84E5-3A9611FBEE30} = {B7C4192C-2895-42B9-82C6-45A8B24BF297}
		{8743B618-C870-4900-BA31-221D4C02E9FD} = {B7C4192C-2895-42B9-82C6-45A8B24BF297}
		{2B546CA9-E31B-4724-B8C6-7408BD5000E5} = {99C9401A-8515-4F93-A21A-DA97AA4D348A}
		{0193F217-110C-4EE5-8927-5879A920F3B1} = {99C9401A-8515-4F93-A21A-DA97AA4D348A}
		{7D69A7F6-4334-4C0B-863A-0C9F3F579A9B} = {99C9401A-8515-4F93-A21A-DA97AA4D348A}
		{3E6B6D7E-DBAA-4818-8F5E-0C58A044C87D} = {99C9401A-8515-4F93-A21A-DA97AA4D348A}
		{CAD040CF-0257-4B66-8CEB-9003DF71E50E} = {B63BAF4B-E80E-435E-B636-A33F109D2F95}
		{658F7A6D-E632-49A0-AA3E-EE378829DBB3} = {B63BAF4B-E80E-435E-B636-A33F109D2F95}
		{FCC20D01-9E6C-458A-B52E-CE6316694AAE} = {B63BAF4B-E80E-435E-B636-A33F109D2F95}
		{5CB0FFC4-5E1A-4BE4-BD69-6C5922C69414} = {1C7D107F-9238-4A12-BC9E-15089D53A86E}
		{1BC31AA7-46E7-4F3A-BAF2-7CBE7B622B51} = {1C7D107F-9238-4A12-BC9E-15089D53A86E}
		{82ADDD96-F2B0-42CB-8C3E-7E8B339252FC} = {1C7D107F-9238-4A12-BC9E-15089D53A86E}
		{D9C10473-3EF0-4CA0-8DCF-2FD787DAD719} = {1C7D107F-9238-4A12-BC9E-15089D53A86E}
		{0B9A7130-AAAA-4211-8F7A-F2B26A669AE1} = {A354C199-2223-4F0D-BCB1-B14B154FB130}
		{440E5BE5-3E80-4ED0-9F21-6B1763C8E32F} = {A354C199-2223-4F0D-BCB1-B14B154FB130}
		{8C60B6C2-DDFD-4D5B-A3D0-B4C82DD53CC0} = {A354C199-2223-4F0D-BCB1-B14B154FB130}
		{E860A447-EFF2-431C-AE22-B4F7B81DC277} = {A354C199-2223-4F0D-BCB1-B14B154FB130}
	EndGlobalSection
	GlobalSection(ExtensibilityGlobals) = postSolution
		SolutionGuid = {279B1A37-AE0D-4265-B432-D44AC2E4D9CE}
	EndGlobalSection
EndGlobal
