
Microsoft Visual Studio Solution File, Format Version 12.00
# Visual Studio Version 17
VisualStudioVersion = 17.5.002.0
MinimumVisualStudioVersion = 10.0.40219.1
Project("{9A19103F-16F7-4668-BE54-9A1E7A4F7556}") = "ResultAPI", "ResultAPI.csproj", "{49EC7CAE-FE4E-40F3-9736-EECA4F761C38}"
EndProject
Global
	GlobalSection(SolutionConfigurationPlatforms) = preSolution
		Debug|Any CPU = Debug|Any CPU
		Release|Any CPU = Release|Any CPU
	EndGlobalSection
	GlobalSection(ProjectConfigurationPlatforms) = postSolution
		{49EC7CAE-FE4E-40F3-9736-EECA4F761C38}.Debug|Any CPU.ActiveCfg = Debug|Any CPU
		{49EC7CAE-FE4E-40F3-9736-EECA4F761C38}.Debug|Any CPU.Build.0 = Debug|Any CPU
		{49EC7CAE-FE4E-40F3-9736-EECA4F761C38}.Release|Any CPU.ActiveCfg = Release|Any CPU
		{49EC7CAE-FE4E-40F3-9736-EECA4F761C38}.Release|Any CPU.Build.0 = Release|Any CPU
	EndGlobalSection
	GlobalSection(SolutionProperties) = preSolution
		HideSolutionNode = FALSE
	EndGlobalSection
	GlobalSection(ExtensibilityGlobals) = postSolution
		SolutionGuid = {68D03043-4C2D-4EE9-AC51-73AD4F2235D4}
	EndGlobalSection
EndGlobal
