
Microsoft Visual Studio Solution File, Format Version 12.00
# Visual Studio Version 17
VisualStudioVersion = 17.5.002.0
MinimumVisualStudioVersion = 10.0.40219.1
Project("{9A19103F-16F7-4668-BE54-9A1E7A4F7556}") = "TestApp", "TestApp.csproj", "{E62194C6-991A-4D6D-AD2C-5618E1278726}"
EndProject
Global
	GlobalSection(SolutionConfigurationPlatforms) = preSolution
		Debug|Any CPU = Debug|Any CPU
		Release|Any CPU = Release|Any CPU
	EndGlobalSection
	GlobalSection(ProjectConfigurationPlatforms) = postSolution
		{E62194C6-991A-4D6D-AD2C-5618E1278726}.Debug|Any CPU.ActiveCfg = Debug|Any CPU
		{E62194C6-991A-4D6D-AD2C-5618E1278726}.Debug|Any CPU.Build.0 = Debug|Any CPU
		{E62194C6-991A-4D6D-AD2C-5618E1278726}.Release|Any CPU.ActiveCfg = Release|Any CPU
		{E62194C6-991A-4D6D-AD2C-5618E1278726}.Release|Any CPU.Build.0 = Release|Any CPU
	EndGlobalSection
	GlobalSection(SolutionProperties) = preSolution
		HideSolutionNode = FALSE
	EndGlobalSection
	GlobalSection(ExtensibilityGlobals) = postSolution
		SolutionGuid = {F7A9FAE3-41D6-4CFF-91C5-F7EF39DBA8E7}
	EndGlobalSection
EndGlobal
