
Microsoft Visual Studio Solution File, Format Version 12.00
# Visual Studio Version 17
VisualStudioVersion = 17.14.36401.2
MinimumVisualStudioVersion = 10.0.40219.1
Project("{FAE04EC0-301F-11D3-BF4B-00C04F79EFBC}") = "AssessmentSolution", "AssessmentSolution\AssessmentSolution.csproj", "{E61A6D14-9118-4FB8-9304-D0162EB474EE}"
EndProject
Project("{FAE04EC0-301F-11D3-BF4B-00C04F79EFBC}") = "AssessmentLib", "AssessmentLib\AssessmentLib.csproj", "{30FFFD07-4A6E-4E2C-8908-63456114AB93}"
EndProject
Project("{FAE04EC0-301F-11D3-BF4B-00C04F79EFBC}") = "StudentManagementAPI", "StudentManagementAPI\StudentManagementAPI.csproj", "{73D94F91-1867-4494-BD09-A65E3ABF4E13}"
EndProject
Global
	GlobalSection(SolutionConfigurationPlatforms) = preSolution
		Debug|Any CPU = Debug|Any CPU
		Release|Any CPU = Release|Any CPU
	EndGlobalSection
	GlobalSection(ProjectConfigurationPlatforms) = postSolution
		{E61A6D14-9118-4FB8-9304-D0162EB474EE}.Debug|Any CPU.ActiveCfg = Debug|Any CPU
		{E61A6D14-9118-4FB8-9304-D0162EB474EE}.Debug|Any CPU.Build.0 = Debug|Any CPU
		{E61A6D14-9118-4FB8-9304-D0162EB474EE}.Release|Any CPU.ActiveCfg = Release|Any CPU
		{E61A6D14-9118-4FB8-9304-D0162EB474EE}.Release|Any CPU.Build.0 = Release|Any CPU
		{30FFFD07-4A6E-4E2C-8908-63456114AB93}.Debug|Any CPU.ActiveCfg = Debug|Any CPU
		{30FFFD07-4A6E-4E2C-8908-63456114AB93}.Debug|Any CPU.Build.0 = Debug|Any CPU
		{30FFFD07-4A6E-4E2C-8908-63456114AB93}.Release|Any CPU.ActiveCfg = Release|Any CPU
		{30FFFD07-4A6E-4E2C-8908-63456114AB93}.Release|Any CPU.Build.0 = Release|Any CPU
		{73D94F91-1867-4494-BD09-A65E3ABF4E13}.Debug|Any CPU.ActiveCfg = Debug|Any CPU
		{73D94F91-1867-4494-BD09-A65E3ABF4E13}.Debug|Any CPU.Build.0 = Debug|Any CPU
		{73D94F91-1867-4494-BD09-A65E3ABF4E13}.Release|Any CPU.ActiveCfg = Release|Any CPU
		{73D94F91-1867-4494-BD09-A65E3ABF4E13}.Release|Any CPU.Build.0 = Release|Any CPU
	EndGlobalSection
	GlobalSection(SolutionProperties) = preSolution
		HideSolutionNode = FALSE
	EndGlobalSection
	GlobalSection(ExtensibilityGlobals) = postSolution
		SolutionGuid = {AD2FF570-B964-42DC-A35A-758EDCAA735F}
	EndGlobalSection
EndGlobal
