
Microsoft Visual Studio Solution File, Format Version 12.00
# Visual Studio Version 17
VisualStudioVersion = 17.0.31903.59
MinimumVisualStudioVersion = 10.0.40219.1
Project("{2150E333-8FDC-42A3-9474-1A3956D46DE8}") = "Entities", "Entities", "{59571ADC-AE31-4DA7-B231-5BB2F86AB604}"
EndProject
Project("{9A19103F-16F7-4668-BE54-9A1E7A4F7556}") = "assessmentEntity", "Entities\assessmentEntity\assessmentEntity.csproj", "{DFA63BFC-075F-463E-9913-D4DFDC228659}"
EndProject
Project("{9A19103F-16F7-4668-BE54-9A1E7A4F7556}") = "assessmentIntelligenceEntity", "Entities\AssessmentIntelligenceEntity\assessmentIntelligenceEntity.csproj", "{FF4A4D2A-226B-44CB-AA7B-430115F71E26}"
EndProject
Project("{9A19103F-16F7-4668-BE54-9A1E7A4F7556}") = "QuestionBankEntity", "Entities\QuestionBankEntity\QuestionBankEntity.csproj", "{CD6C867F-9B80-4E23-BD87-EBF46A7EE337}"
EndProject
Project("{9A19103F-16F7-4668-BE54-9A1E7A4F7556}") = "ResultEntity", "Entities\ResultEntity\ResultEntity.csproj", "{B1C57C86-83AD-43C3-9742-C781B312A1C3}"
EndProject
Project("{2150E333-8FDC-42A3-9474-1A3956D46DE8}") = "Interfaces", "Interfaces", "{8025DCBF-1338-4AD4-B636-B675AB535E9B}"
EndProject
Project("{9A19103F-16F7-4668-BE54-9A1E7A4F7556}") = "AssessmentIntelligenceInterfaces", "Interfaces\AssessmentIntelligenceInterfaces\AssessmentIntelligenceInterfaces.csproj", "{B3057DE1-0E70-4787-B302-1BAFD5F4292D}"
EndProject
Project("{9A19103F-16F7-4668-BE54-9A1E7A4F7556}") = "AssessmentInterfaces", "Interfaces\AssessmentInterfaces\AssessmentInterfaces.csproj", "{DB829D26-ED48-4180-8FC6-9774835916D2}"
EndProject
Project("{9A19103F-16F7-4668-BE54-9A1E7A4F7556}") = "ResultInterface", "Interfaces\ResultInterfaces\ResultInterface.csproj", "{68AD600F-038B-4131-A7C0-40D19E0A632F}"
EndProject
Project("{2150E333-8FDC-42A3-9474-1A3956D46DE8}") = "Services", "Services", "{F80158A8-7752-412F-A003-71BADCCF8129}"
EndProject
Project("{9A19103F-16F7-4668-BE54-9A1E7A4F7556}") = "ResultServices", "Services\ResultServices\ResultServices.csproj", "{366B12FA-AAFB-404C-AC65-0C0A7F938A19}"
EndProject
Project("{9A19103F-16F7-4668-BE54-9A1E7A4F7556}") = "QuestionBankServices", "Services\QuestionBankServices\QuestionBankServices.csproj", "{0C2B3524-B755-42DA-A917-2209B5CDE91D}"
EndProject
Project("{9A19103F-16F7-4668-BE54-9A1E7A4F7556}") = "AssessmentServices", "Services\AssessmentServices\AssessmentServices.csproj", "{BE0B676A-E7CE-47AC-8C16-4053C163EEA7}"
EndProject
Project("{9A19103F-16F7-4668-BE54-9A1E7A4F7556}") = "AssessmentIntelligenceServices", "Services\AssessmentIntelligenceServices\AssessmentIntelligenceServices.csproj", "{01422B99-F633-4F7D-A406-16A63E312BFE}"
EndProject
Project("{9A19103F-16F7-4668-BE54-9A1E7A4F7556}") = "QuestionBankInterfaces", "Interfaces\QuestionBankInterfaces\QuestionBankInterfaces.csproj", "{82E62160-1A65-48A3-9582-349F8BF9E168}"
EndProject
Project("{2150E333-8FDC-42A3-9474-1A3956D46DE8}") = "WebAPI", "WebAPI", "{DBE3A006-4EBC-4257-BFC2-AC20C98D9CD1}"
EndProject
Project("{9A19103F-16F7-4668-BE54-9A1E7A4F7556}") = "AssessmentAPI", "WebAPI\AssessmentAPI\AssessmentAPI.csproj", "{30BA74B1-D26C-4D76-8544-8F809A3DF03D}"
EndProject
Project("{9A19103F-16F7-4668-BE54-9A1E7A4F7556}") = "QuestionBankAPI", "WebAPI\QuestionBankAPI\QuestionBankAPI.csproj", "{2DA0424E-E702-4AFD-BC71-FA878CF487E9}"
EndProject
Project("{9A19103F-16F7-4668-BE54-9A1E7A4F7556}") = "ResultAPI", "WebAPI\ResultAPI\ResultAPI.csproj", "{D4DFCA60-888C-4007-88FC-C8A37C59ACE6}"
EndProject
Project("{9A19103F-16F7-4668-BE54-9A1E7A4F7556}") = "AssessmentIntelligenceAPI", "WebAPI\AssessmentIntelligenceAPI\AssessmentIntelligenceAPI.csproj", "{F70F9BB7-060F-4775-8AF7-D6F52E8843A4}"
EndProject
Project("{9A19103F-16F7-4668-BE54-9A1E7A4F7556}") = "APIforSubject", "APIforSubject\APIforSubject.csproj", "{7822DD5A-8894-4C61-AE89-B82CC696325D}"
EndProject
Project("{9A19103F-16F7-4668-BE54-9A1E7A4F7556}") = "ResultAPI", "ResultAPI\ResultAPI.csproj", "{C89F2438-098C-4D4D-A888-434CA95070D3}"
EndProject
Project("{FAE04EC0-301F-11D3-BF4B-00C04F79EFBC}") = "APIforSubject.Tests", "APIforSubject.Tests\APIforSubject.Tests.csproj", "{835EB755-C46E-46F8-BA2E-728E3A7FCB49}"
EndProject
Global
	GlobalSection(SolutionConfigurationPlatforms) = preSolution
		Debug|Any CPU = Debug|Any CPU
		Debug|x64 = Debug|x64
		Debug|x86 = Debug|x86
		Release|Any CPU = Release|Any CPU
		Release|x64 = Release|x64
		Release|x86 = Release|x86
	EndGlobalSection
	GlobalSection(ProjectConfigurationPlatforms) = postSolution
		{DFA63BFC-075F-463E-9913-D4DFDC228659}.Debug|Any CPU.ActiveCfg = Debug|Any CPU
		{DFA63BFC-075F-463E-9913-D4DFDC228659}.Debug|Any CPU.Build.0 = Debug|Any CPU
		{DFA63BFC-075F-463E-9913-D4DFDC228659}.Debug|x64.ActiveCfg = Debug|Any CPU
		{DFA63BFC-075F-463E-9913-D4DFDC228659}.Debug|x64.Build.0 = Debug|Any CPU
		{DFA63BFC-075F-463E-9913-D4DFDC228659}.Debug|x86.ActiveCfg = Debug|Any CPU
		{DFA63BFC-075F-463E-9913-D4DFDC228659}.Debug|x86.Build.0 = Debug|Any CPU
		{DFA63BFC-075F-463E-9913-D4DFDC228659}.Release|Any CPU.ActiveCfg = Release|Any CPU
		{DFA63BFC-075F-463E-9913-D4DFDC228659}.Release|Any CPU.Build.0 = Release|Any CPU
		{DFA63BFC-075F-463E-9913-D4DFDC228659}.Release|x64.ActiveCfg = Release|Any CPU
		{DFA63BFC-075F-463E-9913-D4DFDC228659}.Release|x64.Build.0 = Release|Any CPU
		{DFA63BFC-075F-463E-9913-D4DFDC228659}.Release|x86.ActiveCfg = Release|Any CPU
		{DFA63BFC-075F-463E-9913-D4DFDC228659}.Release|x86.Build.0 = Release|Any CPU
		{FF4A4D2A-226B-44CB-AA7B-430115F71E26}.Debug|Any CPU.ActiveCfg = Debug|Any CPU
		{FF4A4D2A-226B-44CB-AA7B-430115F71E26}.Debug|Any CPU.Build.0 = Debug|Any CPU
		{FF4A4D2A-226B-44CB-AA7B-430115F71E26}.Debug|x64.ActiveCfg = Debug|Any CPU
		{FF4A4D2A-226B-44CB-AA7B-430115F71E26}.Debug|x64.Build.0 = Debug|Any CPU
		{FF4A4D2A-226B-44CB-AA7B-430115F71E26}.Debug|x86.ActiveCfg = Debug|Any CPU
		{FF4A4D2A-226B-44CB-AA7B-430115F71E26}.Debug|x86.Build.0 = Debug|Any CPU
		{FF4A4D2A-226B-44CB-AA7B-430115F71E26}.Release|Any CPU.ActiveCfg = Release|Any CPU
		{FF4A4D2A-226B-44CB-AA7B-430115F71E26}.Release|Any CPU.Build.0 = Release|Any CPU
		{FF4A4D2A-226B-44CB-AA7B-430115F71E26}.Release|x64.ActiveCfg = Release|Any CPU
		{FF4A4D2A-226B-44CB-AA7B-430115F71E26}.Release|x64.Build.0 = Release|Any CPU
		{FF4A4D2A-226B-44CB-AA7B-430115F71E26}.Release|x86.ActiveCfg = Release|Any CPU
		{FF4A4D2A-226B-44CB-AA7B-430115F71E26}.Release|x86.Build.0 = Release|Any CPU
		{CD6C867F-9B80-4E23-BD87-EBF46A7EE337}.Debug|Any CPU.ActiveCfg = Debug|Any CPU
		{CD6C867F-9B80-4E23-BD87-EBF46A7EE337}.Debug|Any CPU.Build.0 = Debug|Any CPU
		{CD6C867F-9B80-4E23-BD87-EBF46A7EE337}.Debug|x64.ActiveCfg = Debug|Any CPU
		{CD6C867F-9B80-4E23-BD87-EBF46A7EE337}.Debug|x64.Build.0 = Debug|Any CPU
		{CD6C867F-9B80-4E23-BD87-EBF46A7EE337}.Debug|x86.ActiveCfg = Debug|Any CPU
		{CD6C867F-9B80-4E23-BD87-EBF46A7EE337}.Debug|x86.Build.0 = Debug|Any CPU
		{CD6C867F-9B80-4E23-BD87-EBF46A7EE337}.Release|Any CPU.ActiveCfg = Release|Any CPU
		{CD6C867F-9B80-4E23-BD87-EBF46A7EE337}.Release|Any CPU.Build.0 = Release|Any CPU
		{CD6C867F-9B80-4E23-BD87-EBF46A7EE337}.Release|x64.ActiveCfg = Release|Any CPU
		{CD6C867F-9B80-4E23-BD87-EBF46A7EE337}.Release|x64.Build.0 = Release|Any CPU
		{CD6C867F-9B80-4E23-BD87-EBF46A7EE337}.Release|x86.ActiveCfg = Release|Any CPU
		{CD6C867F-9B80-4E23-BD87-EBF46A7EE337}.Release|x86.Build.0 = Release|Any CPU
		{B1C57C86-83AD-43C3-9742-C781B312A1C3}.Debug|Any CPU.ActiveCfg = Debug|Any CPU
		{B1C57C86-83AD-43C3-9742-C781B312A1C3}.Debug|Any CPU.Build.0 = Debug|Any CPU
		{B1C57C86-83AD-43C3-9742-C781B312A1C3}.Debug|x64.ActiveCfg = Debug|Any CPU
		{B1C57C86-83AD-43C3-9742-C781B312A1C3}.Debug|x64.Build.0 = Debug|Any CPU
		{B1C57C86-83AD-43C3-9742-C781B312A1C3}.Debug|x86.ActiveCfg = Debug|Any CPU
		{B1C57C86-83AD-43C3-9742-C781B312A1C3}.Debug|x86.Build.0 = Debug|Any CPU
		{B1C57C86-83AD-43C3-9742-C781B312A1C3}.Release|Any CPU.ActiveCfg = Release|Any CPU
		{B1C57C86-83AD-43C3-9742-C781B312A1C3}.Release|Any CPU.Build.0 = Release|Any CPU
		{B1C57C86-83AD-43C3-9742-C781B312A1C3}.Release|x64.ActiveCfg = Release|Any CPU
		{B1C57C86-83AD-43C3-9742-C781B312A1C3}.Release|x64.Build.0 = Release|Any CPU
		{B1C57C86-83AD-43C3-9742-C781B312A1C3}.Release|x86.ActiveCfg = Release|Any CPU
		{B1C57C86-83AD-43C3-9742-C781B312A1C3}.Release|x86.Build.0 = Release|Any CPU
		{B3057DE1-0E70-4787-B302-1BAFD5F4292D}.Debug|Any CPU.ActiveCfg = Debug|Any CPU
		{B3057DE1-0E70-4787-B302-1BAFD5F4292D}.Debug|Any CPU.Build.0 = Debug|Any CPU
		{B3057DE1-0E70-4787-B302-1BAFD5F4292D}.Debug|x64.ActiveCfg = Debug|Any CPU
		{B3057DE1-0E70-4787-B302-1BAFD5F4292D}.Debug|x64.Build.0 = Debug|Any CPU
		{B3057DE1-0E70-4787-B302-1BAFD5F4292D}.Debug|x86.ActiveCfg = Debug|Any CPU
		{B3057DE1-0E70-4787-B302-1BAFD5F4292D}.Debug|x86.Build.0 = Debug|Any CPU
		{B3057DE1-0E70-4787-B302-1BAFD5F4292D}.Release|Any CPU.ActiveCfg = Release|Any CPU
		{B3057DE1-0E70-4787-B302-1BAFD5F4292D}.Release|Any CPU.Build.0 = Release|Any CPU
		{B3057DE1-0E70-4787-B302-1BAFD5F4292D}.Release|x64.ActiveCfg = Release|Any CPU
		{B3057DE1-0E70-4787-B302-1BAFD5F4292D}.Release|x64.Build.0 = Release|Any CPU
		{B3057DE1-0E70-4787-B302-1BAFD5F4292D}.Release|x86.ActiveCfg = Release|Any CPU
		{B3057DE1-0E70-4787-B302-1BAFD5F4292D}.Release|x86.Build.0 = Release|Any CPU
		{DB829D26-ED48-4180-8FC6-9774835916D2}.Debug|Any CPU.ActiveCfg = Debug|Any CPU
		{DB829D26-ED48-4180-8FC6-9774835916D2}.Debug|Any CPU.Build.0 = Debug|Any CPU
		{DB829D26-ED48-4180-8FC6-9774835916D2}.Debug|x64.ActiveCfg = Debug|Any CPU
		{DB829D26-ED48-4180-8FC6-9774835916D2}.Debug|x64.Build.0 = Debug|Any CPU
		{DB829D26-ED48-4180-8FC6-9774835916D2}.Debug|x86.ActiveCfg = Debug|Any CPU
		{DB829D26-ED48-4180-8FC6-9774835916D2}.Debug|x86.Build.0 = Debug|Any CPU
		{DB829D26-ED48-4180-8FC6-9774835916D2}.Release|Any CPU.ActiveCfg = Release|Any CPU
		{DB829D26-ED48-4180-8FC6-9774835916D2}.Release|Any CPU.Build.0 = Release|Any CPU
		{DB829D26-ED48-4180-8FC6-9774835916D2}.Release|x64.ActiveCfg = Release|Any CPU
		{DB829D26-ED48-4180-8FC6-9774835916D2}.Release|x64.Build.0 = Release|Any CPU
		{DB829D26-ED48-4180-8FC6-9774835916D2}.Release|x86.ActiveCfg = Release|Any CPU
		{DB829D26-ED48-4180-8FC6-9774835916D2}.Release|x86.Build.0 = Release|Any CPU
		{68AD600F-038B-4131-A7C0-40D19E0A632F}.Debug|Any CPU.ActiveCfg = Debug|Any CPU
		{68AD600F-038B-4131-A7C0-40D19E0A632F}.Debug|Any CPU.Build.0 = Debug|Any CPU
		{68AD600F-038B-4131-A7C0-40D19E0A632F}.Debug|x64.ActiveCfg = Debug|Any CPU
		{68AD600F-038B-4131-A7C0-40D19E0A632F}.Debug|x64.Build.0 = Debug|Any CPU
		{68AD600F-038B-4131-A7C0-40D19E0A632F}.Debug|x86.ActiveCfg = Debug|Any CPU
		{68AD600F-038B-4131-A7C0-40D19E0A632F}.Debug|x86.Build.0 = Debug|Any CPU
		{68AD600F-038B-4131-A7C0-40D19E0A632F}.Release|Any CPU.ActiveCfg = Release|Any CPU
		{68AD600F-038B-4131-A7C0-40D19E0A632F}.Release|Any CPU.Build.0 = Release|Any CPU
		{68AD600F-038B-4131-A7C0-40D19E0A632F}.Release|x64.ActiveCfg = Release|Any CPU
		{68AD600F-038B-4131-A7C0-40D19E0A632F}.Release|x64.Build.0 = Release|Any CPU
		{68AD600F-038B-4131-A7C0-40D19E0A632F}.Release|x86.ActiveCfg = Release|Any CPU
		{68AD600F-038B-4131-A7C0-40D19E0A632F}.Release|x86.Build.0 = Release|Any CPU
		{366B12FA-AAFB-404C-AC65-0C0A7F938A19}.Debug|Any CPU.ActiveCfg = Debug|Any CPU
		{366B12FA-AAFB-404C-AC65-0C0A7F938A19}.Debug|Any CPU.Build.0 = Debug|Any CPU
		{366B12FA-AAFB-404C-AC65-0C0A7F938A19}.Debug|x64.ActiveCfg = Debug|Any CPU
		{366B12FA-AAFB-404C-AC65-0C0A7F938A19}.Debug|x64.Build.0 = Debug|Any CPU
		{366B12FA-AAFB-404C-AC65-0C0A7F938A19}.Debug|x86.ActiveCfg = Debug|Any CPU
		{366B12FA-AAFB-404C-AC65-0C0A7F938A19}.Debug|x86.Build.0 = Debug|Any CPU
		{366B12FA-AAFB-404C-AC65-0C0A7F938A19}.Release|Any CPU.ActiveCfg = Release|Any CPU
		{366B12FA-AAFB-404C-AC65-0C0A7F938A19}.Release|Any CPU.Build.0 = Release|Any CPU
		{366B12FA-AAFB-404C-AC65-0C0A7F938A19}.Release|x64.ActiveCfg = Release|Any CPU
		{366B12FA-AAFB-404C-AC65-0C0A7F938A19}.Release|x64.Build.0 = Release|Any CPU
		{366B12FA-AAFB-404C-AC65-0C0A7F938A19}.Release|x86.ActiveCfg = Release|Any CPU
		{366B12FA-AAFB-404C-AC65-0C0A7F938A19}.Release|x86.Build.0 = Release|Any CPU
		{0C2B3524-B755-42DA-A917-2209B5CDE91D}.Debug|Any CPU.ActiveCfg = Debug|Any CPU
		{0C2B3524-B755-42DA-A917-2209B5CDE91D}.Debug|Any CPU.Build.0 = Debug|Any CPU
		{0C2B3524-B755-42DA-A917-2209B5CDE91D}.Debug|x64.ActiveCfg = Debug|Any CPU
		{0C2B3524-B755-42DA-A917-2209B5CDE91D}.Debug|x64.Build.0 = Debug|Any CPU
		{0C2B3524-B755-42DA-A917-2209B5CDE91D}.Debug|x86.ActiveCfg = Debug|Any CPU
		{0C2B3524-B755-42DA-A917-2209B5CDE91D}.Debug|x86.Build.0 = Debug|Any CPU
		{0C2B3524-B755-42DA-A917-2209B5CDE91D}.Release|Any CPU.ActiveCfg = Release|Any CPU
		{0C2B3524-B755-42DA-A917-2209B5CDE91D}.Release|Any CPU.Build.0 = Release|Any CPU
		{0C2B3524-B755-42DA-A917-2209B5CDE91D}.Release|x64.ActiveCfg = Release|Any CPU
		{0C2B3524-B755-42DA-A917-2209B5CDE91D}.Release|x64.Build.0 = Release|Any CPU
		{0C2B3524-B755-42DA-A917-2209B5CDE91D}.Release|x86.ActiveCfg = Release|Any CPU
		{0C2B3524-B755-42DA-A917-2209B5CDE91D}.Release|x86.Build.0 = Release|Any CPU
		{BE0B676A-E7CE-47AC-8C16-4053C163EEA7}.Debug|Any CPU.ActiveCfg = Debug|Any CPU
		{BE0B676A-E7CE-47AC-8C16-4053C163EEA7}.Debug|Any CPU.Build.0 = Debug|Any CPU
		{BE0B676A-E7CE-47AC-8C16-4053C163EEA7}.Debug|x64.ActiveCfg = Debug|Any CPU
		{BE0B676A-E7CE-47AC-8C16-4053C163EEA7}.Debug|x64.Build.0 = Debug|Any CPU
		{BE0B676A-E7CE-47AC-8C16-4053C163EEA7}.Debug|x86.ActiveCfg = Debug|Any CPU
		{BE0B676A-E7CE-47AC-8C16-4053C163EEA7}.Debug|x86.Build.0 = Debug|Any CPU
		{BE0B676A-E7CE-47AC-8C16-4053C163EEA7}.Release|Any CPU.ActiveCfg = Release|Any CPU
		{BE0B676A-E7CE-47AC-8C16-4053C163EEA7}.Release|Any CPU.Build.0 = Release|Any CPU
		{BE0B676A-E7CE-47AC-8C16-4053C163EEA7}.Release|x64.ActiveCfg = Release|Any CPU
		{BE0B676A-E7CE-47AC-8C16-4053C163EEA7}.Release|x64.Build.0 = Release|Any CPU
		{BE0B676A-E7CE-47AC-8C16-4053C163EEA7}.Release|x86.ActiveCfg = Release|Any CPU
		{BE0B676A-E7CE-47AC-8C16-4053C163EEA7}.Release|x86.Build.0 = Release|Any CPU
		{01422B99-F633-4F7D-A406-16A63E312BFE}.Debug|Any CPU.ActiveCfg = Debug|Any CPU
		{01422B99-F633-4F7D-A406-16A63E312BFE}.Debug|Any CPU.Build.0 = Debug|Any CPU
		{01422B99-F633-4F7D-A406-16A63E312BFE}.Debug|x64.ActiveCfg = Debug|Any CPU
		{01422B99-F633-4F7D-A406-16A63E312BFE}.Debug|x64.Build.0 = Debug|Any CPU
		{01422B99-F633-4F7D-A406-16A63E312BFE}.Debug|x86.ActiveCfg = Debug|Any CPU
		{01422B99-F633-4F7D-A406-16A63E312BFE}.Debug|x86.Build.0 = Debug|Any CPU
		{01422B99-F633-4F7D-A406-16A63E312BFE}.Release|Any CPU.ActiveCfg = Release|Any CPU
		{01422B99-F633-4F7D-A406-16A63E312BFE}.Release|Any CPU.Build.0 = Release|Any CPU
		{01422B99-F633-4F7D-A406-16A63E312BFE}.Release|x64.ActiveCfg = Release|Any CPU
		{01422B99-F633-4F7D-A406-16A63E312BFE}.Release|x64.Build.0 = Release|Any CPU
		{01422B99-F633-4F7D-A406-16A63E312BFE}.Release|x86.ActiveCfg = Release|Any CPU
		{01422B99-F633-4F7D-A406-16A63E312BFE}.Release|x86.Build.0 = Release|Any CPU
		{82E62160-1A65-48A3-9582-349F8BF9E168}.Debug|Any CPU.ActiveCfg = Debug|Any CPU
		{82E62160-1A65-48A3-9582-349F8BF9E168}.Debug|Any CPU.Build.0 = Debug|Any CPU
		{82E62160-1A65-48A3-9582-349F8BF9E168}.Debug|x64.ActiveCfg = Debug|Any CPU
		{82E62160-1A65-48A3-9582-349F8BF9E168}.Debug|x64.Build.0 = Debug|Any CPU
		{82E62160-1A65-48A3-9582-349F8BF9E168}.Debug|x86.ActiveCfg = Debug|Any CPU
		{82E62160-1A65-48A3-9582-349F8BF9E168}.Debug|x86.Build.0 = Debug|Any CPU
		{82E62160-1A65-48A3-9582-349F8BF9E168}.Release|Any CPU.ActiveCfg = Release|Any CPU
		{82E62160-1A65-48A3-9582-349F8BF9E168}.Release|Any CPU.Build.0 = Release|Any CPU
		{82E62160-1A65-48A3-9582-349F8BF9E168}.Release|x64.ActiveCfg = Release|Any CPU
		{82E62160-1A65-48A3-9582-349F8BF9E168}.Release|x64.Build.0 = Release|Any CPU
		{82E62160-1A65-48A3-9582-349F8BF9E168}.Release|x86.ActiveCfg = Release|Any CPU
		{82E62160-1A65-48A3-9582-349F8BF9E168}.Release|x86.Build.0 = Release|Any CPU
		{30BA74B1-D26C-4D76-8544-8F809A3DF03D}.Debug|Any CPU.ActiveCfg = Debug|Any CPU
		{30BA74B1-D26C-4D76-8544-8F809A3DF03D}.Debug|Any CPU.Build.0 = Debug|Any CPU
		{30BA74B1-D26C-4D76-8544-8F809A3DF03D}.Debug|x64.ActiveCfg = Debug|Any CPU
		{30BA74B1-D26C-4D76-8544-8F809A3DF03D}.Debug|x64.Build.0 = Debug|Any CPU
		{30BA74B1-D26C-4D76-8544-8F809A3DF03D}.Debug|x86.ActiveCfg = Debug|Any CPU
		{30BA74B1-D26C-4D76-8544-8F809A3DF03D}.Debug|x86.Build.0 = Debug|Any CPU
		{30BA74B1-D26C-4D76-8544-8F809A3DF03D}.Release|Any CPU.ActiveCfg = Release|Any CPU
		{30BA74B1-D26C-4D76-8544-8F809A3DF03D}.Release|Any CPU.Build.0 = Release|Any CPU
		{30BA74B1-D26C-4D76-8544-8F809A3DF03D}.Release|x64.ActiveCfg = Release|Any CPU
		{30BA74B1-D26C-4D76-8544-8F809A3DF03D}.Release|x64.Build.0 = Release|Any CPU
		{30BA74B1-D26C-4D76-8544-8F809A3DF03D}.Release|x86.ActiveCfg = Release|Any CPU
		{30BA74B1-D26C-4D76-8544-8F809A3DF03D}.Release|x86.Build.0 = Release|Any CPU
		{2DA0424E-E702-4AFD-BC71-FA878CF487E9}.Debug|Any CPU.ActiveCfg = Debug|Any CPU
		{2DA0424E-E702-4AFD-BC71-FA878CF487E9}.Debug|Any CPU.Build.0 = Debug|Any CPU
		{2DA0424E-E702-4AFD-BC71-FA878CF487E9}.Debug|x64.ActiveCfg = Debug|Any CPU
		{2DA0424E-E702-4AFD-BC71-FA878CF487E9}.Debug|x64.Build.0 = Debug|Any CPU
		{2DA0424E-E702-4AFD-BC71-FA878CF487E9}.Debug|x86.ActiveCfg = Debug|Any CPU
		{2DA0424E-E702-4AFD-BC71-FA878CF487E9}.Debug|x86.Build.0 = Debug|Any CPU
		{2DA0424E-E702-4AFD-BC71-FA878CF487E9}.Release|Any CPU.ActiveCfg = Release|Any CPU
		{2DA0424E-E702-4AFD-BC71-FA878CF487E9}.Release|Any CPU.Build.0 = Release|Any CPU
		{2DA0424E-E702-4AFD-BC71-FA878CF487E9}.Release|x64.ActiveCfg = Release|Any CPU
		{2DA0424E-E702-4AFD-BC71-FA878CF487E9}.Release|x64.Build.0 = Release|Any CPU
		{2DA0424E-E702-4AFD-BC71-FA878CF487E9}.Release|x86.ActiveCfg = Release|Any CPU
		{2DA0424E-E702-4AFD-BC71-FA878CF487E9}.Release|x86.Build.0 = Release|Any CPU
		{D4DFCA60-888C-4007-88FC-C8A37C59ACE6}.Debug|Any CPU.ActiveCfg = Debug|Any CPU
		{D4DFCA60-888C-4007-88FC-C8A37C59ACE6}.Debug|Any CPU.Build.0 = Debug|Any CPU
		{D4DFCA60-888C-4007-88FC-C8A37C59ACE6}.Debug|x64.ActiveCfg = Debug|Any CPU
		{D4DFCA60-888C-4007-88FC-C8A37C59ACE6}.Debug|x64.Build.0 = Debug|Any CPU
		{D4DFCA60-888C-4007-88FC-C8A37C59ACE6}.Debug|x86.ActiveCfg = Debug|Any CPU
		{D4DFCA60-888C-4007-88FC-C8A37C59ACE6}.Debug|x86.Build.0 = Debug|Any CPU
		{D4DFCA60-888C-4007-88FC-C8A37C59ACE6}.Release|Any CPU.ActiveCfg = Release|Any CPU
		{D4DFCA60-888C-4007-88FC-C8A37C59ACE6}.Release|Any CPU.Build.0 = Release|Any CPU
		{D4DFCA60-888C-4007-88FC-C8A37C59ACE6}.Release|x64.ActiveCfg = Release|Any CPU
		{D4DFCA60-888C-4007-88FC-C8A37C59ACE6}.Release|x64.Build.0 = Release|Any CPU
		{D4DFCA60-888C-4007-88FC-C8A37C59ACE6}.Release|x86.ActiveCfg = Release|Any CPU
		{D4DFCA60-888C-4007-88FC-C8A37C59ACE6}.Release|x86.Build.0 = Release|Any CPU
		{F70F9BB7-060F-4775-8AF7-D6F52E8843A4}.Debug|Any CPU.ActiveCfg = Debug|Any CPU
		{F70F9BB7-060F-4775-8AF7-D6F52E8843A4}.Debug|Any CPU.Build.0 = Debug|Any CPU
		{F70F9BB7-060F-4775-8AF7-D6F52E8843A4}.Debug|x64.ActiveCfg = Debug|Any CPU
		{F70F9BB7-060F-4775-8AF7-D6F52E8843A4}.Debug|x64.Build.0 = Debug|Any CPU
		{F70F9BB7-060F-4775-8AF7-D6F52E8843A4}.Debug|x86.ActiveCfg = Debug|Any CPU
		{F70F9BB7-060F-4775-8AF7-D6F52E8843A4}.Debug|x86.Build.0 = Debug|Any CPU
		{F70F9BB7-060F-4775-8AF7-D6F52E8843A4}.Release|Any CPU.ActiveCfg = Release|Any CPU
		{F70F9BB7-060F-4775-8AF7-D6F52E8843A4}.Release|Any CPU.Build.0 = Release|Any CPU
		{F70F9BB7-060F-4775-8AF7-D6F52E8843A4}.Release|x64.ActiveCfg = Release|Any CPU
		{F70F9BB7-060F-4775-8AF7-D6F52E8843A4}.Release|x64.Build.0 = Release|Any CPU
		{F70F9BB7-060F-4775-8AF7-D6F52E8843A4}.Release|x86.ActiveCfg = Release|Any CPU
		{F70F9BB7-060F-4775-8AF7-D6F52E8843A4}.Release|x86.Build.0 = Release|Any CPU
		{7822DD5A-8894-4C61-AE89-B82CC696325D}.Debug|Any CPU.ActiveCfg = Debug|Any CPU
		{7822DD5A-8894-4C61-AE89-B82CC696325D}.Debug|Any CPU.Build.0 = Debug|Any CPU
		{7822DD5A-8894-4C61-AE89-B82CC696325D}.Debug|x64.ActiveCfg = Debug|Any CPU
		{7822DD5A-8894-4C61-AE89-B82CC696325D}.Debug|x64.Build.0 = Debug|Any CPU
		{7822DD5A-8894-4C61-AE89-B82CC696325D}.Debug|x86.ActiveCfg = Debug|Any CPU
		{7822DD5A-8894-4C61-AE89-B82CC696325D}.Debug|x86.Build.0 = Debug|Any CPU
		{7822DD5A-8894-4C61-AE89-B82CC696325D}.Release|Any CPU.ActiveCfg = Release|Any CPU
		{7822DD5A-8894-4C61-AE89-B82CC696325D}.Release|Any CPU.Build.0 = Release|Any CPU
		{7822DD5A-8894-4C61-AE89-B82CC696325D}.Release|x64.ActiveCfg = Release|Any CPU
		{7822DD5A-8894-4C61-AE89-B82CC696325D}.Release|x64.Build.0 = Release|Any CPU
		{7822DD5A-8894-4C61-AE89-B82CC696325D}.Release|x86.ActiveCfg = Release|Any CPU
		{7822DD5A-8894-4C61-AE89-B82CC696325D}.Release|x86.Build.0 = Release|Any CPU
		{C89F2438-098C-4D4D-A888-434CA95070D3}.Debug|Any CPU.ActiveCfg = Debug|Any CPU
		{C89F2438-098C-4D4D-A888-434CA95070D3}.Debug|Any CPU.Build.0 = Debug|Any CPU
		{C89F2438-098C-4D4D-A888-434CA95070D3}.Debug|x64.ActiveCfg = Debug|Any CPU
		{C89F2438-098C-4D4D-A888-434CA95070D3}.Debug|x64.Build.0 = Debug|Any CPU
		{C89F2438-098C-4D4D-A888-434CA95070D3}.Debug|x86.ActiveCfg = Debug|Any CPU
		{C89F2438-098C-4D4D-A888-434CA95070D3}.Debug|x86.Build.0 = Debug|Any CPU
		{C89F2438-098C-4D4D-A888-434CA95070D3}.Release|Any CPU.ActiveCfg = Release|Any CPU
		{C89F2438-098C-4D4D-A888-434CA95070D3}.Release|Any CPU.Build.0 = Release|Any CPU
		{C89F2438-098C-4D4D-A888-434CA95070D3}.Release|x64.ActiveCfg = Release|Any CPU
		{C89F2438-098C-4D4D-A888-434CA95070D3}.Release|x64.Build.0 = Release|Any CPU
		{C89F2438-098C-4D4D-A888-434CA95070D3}.Release|x86.ActiveCfg = Release|Any CPU
		{C89F2438-098C-4D4D-A888-434CA95070D3}.Release|x86.Build.0 = Release|Any CPU
		{835EB755-C46E-46F8-BA2E-728E3A7FCB49}.Debug|Any CPU.ActiveCfg = Debug|Any CPU
		{835EB755-C46E-46F8-BA2E-728E3A7FCB49}.Debug|Any CPU.Build.0 = Debug|Any CPU
		{835EB755-C46E-46F8-BA2E-728E3A7FCB49}.Debug|x64.ActiveCfg = Debug|Any CPU
		{835EB755-C46E-46F8-BA2E-728E3A7FCB49}.Debug|x64.Build.0 = Debug|Any CPU
		{835EB755-C46E-46F8-BA2E-728E3A7FCB49}.Debug|x86.ActiveCfg = Debug|Any CPU
		{835EB755-C46E-46F8-BA2E-728E3A7FCB49}.Debug|x86.Build.0 = Debug|Any CPU
		{835EB755-C46E-46F8-BA2E-728E3A7FCB49}.Release|Any CPU.ActiveCfg = Release|Any CPU
		{835EB755-C46E-46F8-BA2E-728E3A7FCB49}.Release|Any CPU.Build.0 = Release|Any CPU
		{835EB755-C46E-46F8-BA2E-728E3A7FCB49}.Release|x64.ActiveCfg = Release|Any CPU
		{835EB755-C46E-46F8-BA2E-728E3A7FCB49}.Release|x64.Build.0 = Release|Any CPU
		{835EB755-C46E-46F8-BA2E-728E3A7FCB49}.Release|x86.ActiveCfg = Release|Any CPU
		{835EB755-C46E-46F8-BA2E-728E3A7FCB49}.Release|x86.Build.0 = Release|Any CPU
	EndGlobalSection
	GlobalSection(SolutionProperties) = preSolution
		HideSolutionNode = FALSE
	EndGlobalSection
	GlobalSection(NestedProjects) = preSolution
		{DFA63BFC-075F-463E-9913-D4DFDC228659} = {59571ADC-AE31-4DA7-B231-5BB2F86AB604}
		{FF4A4D2A-226B-44CB-AA7B-430115F71E26} = {59571ADC-AE31-4DA7-B231-5BB2F86AB604}
		{CD6C867F-9B80-4E23-BD87-EBF46A7EE337} = {59571ADC-AE31-4DA7-B231-5BB2F86AB604}
		{B1C57C86-83AD-43C3-9742-C781B312A1C3} = {59571ADC-AE31-4DA7-B231-5BB2F86AB604}
		{B3057DE1-0E70-4787-B302-1BAFD5F4292D} = {8025DCBF-1338-4AD4-B636-B675AB535E9B}
		{DB829D26-ED48-4180-8FC6-9774835916D2} = {8025DCBF-1338-4AD4-B636-B675AB535E9B}
		{68AD600F-038B-4131-A7C0-40D19E0A632F} = {8025DCBF-1338-4AD4-B636-B675AB535E9B}
		{366B12FA-AAFB-404C-AC65-0C0A7F938A19} = {F80158A8-7752-412F-A003-71BADCCF8129}
		{0C2B3524-B755-42DA-A917-2209B5CDE91D} = {F80158A8-7752-412F-A003-71BADCCF8129}
		{BE0B676A-E7CE-47AC-8C16-4053C163EEA7} = {F80158A8-7752-412F-A003-71BADCCF8129}
		{01422B99-F633-4F7D-A406-16A63E312BFE} = {F80158A8-7752-412F-A003-71BADCCF8129}
		{82E62160-1A65-48A3-9582-349F8BF9E168} = {8025DCBF-1338-4AD4-B636-B675AB535E9B}
		{30BA74B1-D26C-4D76-8544-8F809A3DF03D} = {DBE3A006-4EBC-4257-BFC2-AC20C98D9CD1}
		{2DA0424E-E702-4AFD-BC71-FA878CF487E9} = {DBE3A006-4EBC-4257-BFC2-AC20C98D9CD1}
		{D4DFCA60-888C-4007-88FC-C8A37C59ACE6} = {DBE3A006-4EBC-4257-BFC2-AC20C98D9CD1}
		{F70F9BB7-060F-4775-8AF7-D6F52E8843A4} = {DBE3A006-4EBC-4257-BFC2-AC20C98D9CD1}
	EndGlobalSection
	GlobalSection(ExtensibilityGlobals) = postSolution
		SolutionGuid = {7B7788BC-A56D-4E82-925A-CD86F9904E24}
	EndGlobalSection
EndGlobal
