
Microsoft Visual Studio Solution File, Format Version 12.00
# Visual Studio Version 17
VisualStudioVersion = 17.0.31903.59
MinimumVisualStudioVersion = 10.0.40219.1
Project("{FAE04EC0-301F-11D3-BF4B-00C04F79EFBC}") = "Authentication", "Authentication\Authentication.csproj", "{42469735-694B-4349-84E8-993D84E59FD7}"
EndProject
Project("{FAE04EC0-301F-11D3-BF4B-00C04F79EFBC}") = "TestApp", "TestApp\TestApp.csproj", "{E757A3B7-3AAC-4669-8EE4-A50E70157869}"
EndProject
Project("{FAE04EC0-301F-11D3-BF4B-00C04F79EFBC}") = "ProductCatalog", "ProductCatalog\ProductCatalog.csproj", "{DABF1AA6-EB7D-42A8-AD68-B6A6C891F83A}"
EndProject
Project("{FAE04EC0-301F-11D3-BF4B-00C04F79EFBC}") = "MathsAPI", "MathsAPI\MathsAPI.csproj", "{3E097155-1146-4064-AFE4-66615D4D19B3}"
EndProject
Global
	GlobalSection(SolutionConfigurationPlatforms) = preSolution
		Debug|Any CPU = Debug|Any CPU
		Release|Any CPU = Release|Any CPU
	EndGlobalSection
	GlobalSection(SolutionProperties) = preSolution
		HideSolutionNode = FALSE
	EndGlobalSection
	GlobalSection(ProjectConfigurationPlatforms) = postSolution
		{42469735-694B-4349-84E8-993D84E59FD7}.Debug|Any CPU.ActiveCfg = Debug|Any CPU
		{42469735-694B-4349-84E8-993D84E59FD7}.Debug|Any CPU.Build.0 = Debug|Any CPU
		{42469735-694B-4349-84E8-993D84E59FD7}.Release|Any CPU.ActiveCfg = Release|Any CPU
		{42469735-694B-4349-84E8-993D84E59FD7}.Release|Any CPU.Build.0 = Release|Any CPU
		{E757A3B7-3AAC-4669-8EE4-A50E70157869}.Debug|Any CPU.ActiveCfg = Debug|Any CPU
		{E757A3B7-3AAC-4669-8EE4-A50E70157869}.Debug|Any CPU.Build.0 = Debug|Any CPU
		{E757A3B7-3AAC-4669-8EE4-A50E70157869}.Release|Any CPU.ActiveCfg = Release|Any CPU
		{E757A3B7-3AAC-4669-8EE4-A50E70157869}.Release|Any CPU.Build.0 = Release|Any CPU
		{DABF1AA6-EB7D-42A8-AD68-B6A6C891F83A}.Debug|Any CPU.ActiveCfg = Debug|Any CPU
		{DABF1AA6-EB7D-42A8-AD68-B6A6C891F83A}.Debug|Any CPU.Build.0 = Debug|Any CPU
		{DABF1AA6-EB7D-42A8-AD68-B6A6C891F83A}.Release|Any CPU.ActiveCfg = Release|Any CPU
		{DABF1AA6-EB7D-42A8-AD68-B6A6C891F83A}.Release|Any CPU.Build.0 = Release|Any CPU
		{1F0BD459-F8A8-4095-A57C-DF3138A33213}.Debug|Any CPU.ActiveCfg = Debug|Any CPU
		{1F0BD459-F8A8-4095-A57C-DF3138A33213}.Debug|Any CPU.Build.0 = Debug|Any CPU
		{1F0BD459-F8A8-4095-A57C-DF3138A33213}.Release|Any CPU.ActiveCfg = Release|Any CPU
		{1F0BD459-F8A8-4095-A57C-DF3138A33213}.Release|Any CPU.Build.0 = Release|Any CPU
		{3E097155-1146-4064-AFE4-66615D4D19B3}.Debug|Any CPU.ActiveCfg = Debug|Any CPU
		{3E097155-1146-4064-AFE4-66615D4D19B3}.Debug|Any CPU.Build.0 = Debug|Any CPU
		{3E097155-1146-4064-AFE4-66615D4D19B3}.Release|Any CPU.ActiveCfg = Release|Any CPU
		{3E097155-1146-4064-AFE4-66615D4D19B3}.Release|Any CPU.Build.0 = Release|Any CPU
	EndGlobalSection
EndGlobal
